
Microsoft Visual Studio Solution File, Format Version 12.00
# Visual Studio Version 16
VisualStudioVersion = 16.0.30114.105
MinimumVisualStudioVersion = 10.0.40219.1
Project("{2150E333-8FDC-42A3-9474-1A3956D46DE8}") = "src", "src", "{61227EE1-A768-4537-9AD9-8C24CFFBB9F1}"
EndProject
Project("{FAE04EC0-301F-11D3-BF4B-00C04F79EFBC}") = "GradeBook", "src\GradeBook\GradeBook.csproj", "{23FDB6C9-DB45-41F2-95D4-5A53EA501A78}"
EndProject
Project("{2150E333-8FDC-42A3-9474-1A3956D46DE8}") = "test", "test", "{8EAE4EEF-3EB2-4718-8E06-8352392C78AD}"
EndProject
Project("{FAE04EC0-301F-11D3-BF4B-00C04F79EFBC}") = "GradeBook.Tests", "test\GradeBook.Tests\GradeBook.Tests.csproj", "{3325A046-519D-4B44-B903-3CAC29B0EEFF}"
EndProject
Global
	GlobalSection(SolutionConfigurationPlatforms) = preSolution
		Debug|Any CPU = Debug|Any CPU
		Debug|x64 = Debug|x64
		Debug|x86 = Debug|x86
		Release|Any CPU = Release|Any CPU
		Release|x64 = Release|x64
		Release|x86 = Release|x86
	EndGlobalSection
	GlobalSection(SolutionProperties) = preSolution
		HideSolutionNode = FALSE
	EndGlobalSection
	GlobalSection(ProjectConfigurationPlatforms) = postSolution
		{23FDB6C9-DB45-41F2-95D4-5A53EA501A78}.Debug|Any CPU.ActiveCfg = Debug|Any CPU
		{23FDB6C9-DB45-41F2-95D4-5A53EA501A78}.Debug|Any CPU.Build.0 = Debug|Any CPU
		{23FDB6C9-DB45-41F2-95D4-5A53EA501A78}.Debug|x64.ActiveCfg = Debug|Any CPU
		{23FDB6C9-DB45-41F2-95D4-5A53EA501A78}.Debug|x64.Build.0 = Debug|Any CPU
		{23FDB6C9-DB45-41F2-95D4-5A53EA501A78}.Debug|x86.ActiveCfg = Debug|Any CPU
		{23FDB6C9-DB45-41F2-95D4-5A53EA501A78}.Debug|x86.Build.0 = Debug|Any CPU
		{23FDB6C9-DB45-41F2-95D4-5A53EA501A78}.Release|Any CPU.ActiveCfg = Release|Any CPU
		{23FDB6C9-DB45-41F2-95D4-5A53EA501A78}.Release|Any CPU.Build.0 = Release|Any CPU
		{23FDB6C9-DB45-41F2-95D4-5A53EA501A78}.Release|x64.ActiveCfg = Release|Any CPU
		{23FDB6C9-DB45-41F2-95D4-5A53EA501A78}.Release|x64.Build.0 = Release|Any CPU
		{23FDB6C9-DB45-41F2-95D4-5A53EA501A78}.Release|x86.ActiveCfg = Release|Any CPU
		{23FDB6C9-DB45-41F2-95D4-5A53EA501A78}.Release|x86.Build.0 = Release|Any CPU
		{3325A046-519D-4B44-B903-3CAC29B0EEFF}.Debug|Any CPU.ActiveCfg = Debug|Any CPU
		{3325A046-519D-4B44-B903-3CAC29B0EEFF}.Debug|Any CPU.Build.0 = Debug|Any CPU
		{3325A046-519D-4B44-B903-3CAC29B0EEFF}.Debug|x64.ActiveCfg = Debug|Any CPU
		{3325A046-519D-4B44-B903-3CAC29B0EEFF}.Debug|x64.Build.0 = Debug|Any CPU
		{3325A046-519D-4B44-B903-3CAC29B0EEFF}.Debug|x86.ActiveCfg = Debug|Any CPU
		{3325A046-519D-4B44-B903-3CAC29B0EEFF}.Debug|x86.Build.0 = Debug|Any CPU
		{3325A046-519D-4B44-B903-3CAC29B0EEFF}.Release|Any CPU.ActiveCfg = Release|Any CPU
		{3325A046-519D-4B44-B903-3CAC29B0EEFF}.Release|Any CPU.Build.0 = Release|Any CPU
		{3325A046-519D-4B44-B903-3CAC29B0EEFF}.Release|x64.ActiveCfg = Release|Any CPU
		{3325A046-519D-4B44-B903-3CAC29B0EEFF}.Release|x64.Build.0 = Release|Any CPU
		{3325A046-519D-4B44-B903-3CAC29B0EEFF}.Release|x86.ActiveCfg = Release|Any CPU
		{3325A046-519D-4B44-B903-3CAC29B0EEFF}.Release|x86.Build.0 = Release|Any CPU
	EndGlobalSection
	GlobalSection(NestedProjects) = preSolution
		{23FDB6C9-DB45-41F2-95D4-5A53EA501A78} = {61227EE1-A768-4537-9AD9-8C24CFFBB9F1}
		{3325A046-519D-4B44-B903-3CAC29B0EEFF} = {8EAE4EEF-3EB2-4718-8E06-8352392C78AD}
	EndGlobalSection
EndGlobal
